{
  "name": "onlineeducation",
  "version": "1.0.0",
  "lockfileVersion": 1,
  "requires": true,
  "dependencies": {
    "@editorjs/code": {
      "version": "2.7.0",
      "resolved": "https://registry.npmjs.org/@editorjs/code/-/code-2.7.0.tgz",
      "integrity": "sha512-gXtTce915fHp3H9i4IqhTxEDbbkT2heFfYiW/bhFHsCmZDpyGzfZxi94kmrEqDmbxXjV49ZZ6GZbR26If13KJw=="
    },
    "@editorjs/editorjs": {
      "version": "2.24.3",
      "resolved": "https://registry.npmjs.org/@editorjs/editorjs/-/editorjs-2.24.3.tgz",
      "integrity": "sha512-VzrWaQ7mggNUAPTDGcqXJNIlBZH3S2IqsIUGA43UM2Q9VFaeS5KuVFVOTrFJvAzF7G+vZTO52ocm+hrDhTwvyw==",
      "requires": {
        "codex-notifier": "^1.1.2",
        "codex-tooltip": "^1.0.5",
        "nanoid": "^3.1.22"
      }
    },
    "@editorjs/header": {
      "version": "2.6.2",
      "resolved": "https://registry.npmjs.org/@editorjs/header/-/header-2.6.2.tgz",
      "integrity": "sha512-U1dnT+KGjwFmpWneEEyR2Nqp42hn9iKwQDgRHWQM+y6qx82pg+eAyuIf0QWt2Mluu9uPD2CzNfvJ+pxIuwX8Lw=="
    },
    "@editorjs/list": {
      "version": "1.7.0",
      "resolved": "https://registry.npmjs.org/@editorjs/list/-/list-1.7.0.tgz",
      "integrity": "sha512-0k0RKbQqfV32u24UYHHz5mrmSu4wr246qqXBT7xQiS533Bfd4hzki6UGzvy4f275ULzi+egbjI3BXLkpoTh9iQ=="
    },
    "@mdi/font": {
      "version": "6.7.96",
      "resolved": "https://registry.npmjs.org/@mdi/font/-/font-6.7.96.tgz",
      "integrity": "sha512-M68vlRhtmA/SpDjo2dV3SUZus20jrU9Zp2ggslfzh0cbFpygPukcVpBIA3pErwsukhYt4RfbgXpFi74SjixOrQ=="
    },
    "asynckit": {
      "version": "0.4.0",
      "resolved": "https://registry.npmjs.org/asynckit/-/asynckit-0.4.0.tgz",
      "integrity": "sha512-Oei9OH4tRh0YqU3GxhX79dM/mwVgvbZJaSNaRk+bshkj0S5cfHcgYakreBjrHwatXKbz+IoIdYLxrKim2MjW0Q=="
    },
    "axios": {
      "version": "0.27.2",
      "resolved": "https://registry.npmjs.org/axios/-/axios-0.27.2.tgz",
      "integrity": "sha512-t+yRIyySRTp/wua5xEr+z1q60QmLq8ABsS5O9Me1AsE5dfKqgnCFzwiCZZ/cGNd1lq4/7akDWMxdhVlucjmnOQ==",
      "requires": {
        "follow-redirects": "^1.14.9",
        "form-data": "^4.0.0"
      }
    },
    "codex-notifier": {
      "version": "1.1.2",
      "resolved": "https://registry.npmjs.org/codex-notifier/-/codex-notifier-1.1.2.tgz",
      "integrity": "sha512-DCp6xe/LGueJ1N5sXEwcBc3r3PyVkEEDNWCVigfvywAkeXcZMk9K41a31tkEFBW0Ptlwji6/JlAb49E3Yrxbtg=="
    },
    "codex-tooltip": {
      "version": "1.0.5",
      "resolved": "https://registry.npmjs.org/codex-tooltip/-/codex-tooltip-1.0.5.tgz",
      "integrity": "sha512-IuA8LeyLU5p1B+HyhOsqR6oxyFQ11k3i9e9aXw40CrHFTRO2Y1npNBVU3W1SvhKAbUU7R/YikUBdcYFP0RcJag=="
    },
    "combined-stream": {
      "version": "1.0.8",
      "resolved": "https://registry.npmjs.org/combined-stream/-/combined-stream-1.0.8.tgz",
      "integrity": "sha512-FQN4MRfuJeHf7cBbBMJFXhKSDq+2kAArBlmRBvcvFE5BB1HZKXtSFASDhdlz9zOYwxh8lDdnvmMOe/+5cdoEdg==",
      "requires": {
        "delayed-stream": "~1.0.0"
      }
    },
    "delayed-stream": {
      "version": "1.0.0",
      "resolved": "https://registry.npmjs.org/delayed-stream/-/delayed-stream-1.0.0.tgz",
      "integrity": "sha1-3zrhmayt+31ECqrgsp4icrJOxhk="
    },
    "follow-redirects": {
      "version": "1.15.0",
      "resolved": "https://registry.npmjs.org/follow-redirects/-/follow-redirects-1.15.0.tgz",
      "integrity": "sha512-aExlJShTV4qOUOL7yF1U5tvLCB0xQuudbf6toyYA0E/acBNw71mvjFTnLaRp50aQaYocMR0a/RMMBIHeZnGyjQ=="
    },
    "form-data": {
      "version": "4.0.0",
      "resolved": "https://registry.npmjs.org/form-data/-/form-data-4.0.0.tgz",
      "integrity": "sha512-ETEklSGi5t0QMZuiXoA/Q6vcnxcLQP5vdugSpuAyi6SVGi2clPPp+xgEhuMaHC+zGgn31Kd235W35f7Hykkaww==",
      "requires": {
        "asynckit": "^0.4.0",
        "combined-stream": "^1.0.8",
        "mime-types": "^2.1.12"
      }
    },
    "http-vue-loader": {
      "version": "1.4.2",
      "resolved": "https://registry.npmjs.org/http-vue-loader/-/http-vue-loader-1.4.2.tgz",
      "integrity": "sha512-2a74yfhaMbWv3rVHDGeZFddtIatgzMDiko67u9FHDMIhL3NNEMQNRw1cgyya/Kz8UFKINpb0y+FiImckVQ0RXw=="
    },
    "mime-db": {
      "version": "1.52.0",
      "resolved": "https://registry.npmjs.org/mime-db/-/mime-db-1.52.0.tgz",
      "integrity": "sha512-sPU4uV7dYlvtWJxwwxHD0PuihVNiE7TyAbQ5SWxDCB9mUYvOgroQOwYQQOKPJ8CIbE+1ETVlOoK1UC2nU3gYvg=="
    },
    "mime-types": {
      "version": "2.1.35",
      "resolved": "https://registry.npmjs.org/mime-types/-/mime-types-2.1.35.tgz",
      "integrity": "sha512-ZDY+bPm5zTTF+YpCrAU9nK0UgICYPT0QtT1NZWFv4s++TNkcgVaT0g6+4R2uI4MjQjzysHB1zxuWL50hzaeXiw==",
      "requires": {
        "mime-db": "1.52.0"
      }
    },
    "nanoid": {
      "version": "3.3.4",
      "resolved": "https://registry.npmjs.org/nanoid/-/nanoid-3.3.4.tgz",
      "integrity": "sha512-MqBkQh/OHTS2egovRtLk45wEyNXwF+cokD+1YPf9u5VfJiRdAiRwB2froX5Co9Rh20xs4siNPm8naNotSD6RBw=="
    },
    "vue": {
      "version": "2.6.14",
      "resolved": "https://registry.npmjs.org/vue/-/vue-2.6.14.tgz",
      "integrity": "sha512-x2284lgYvjOMj3Za7kqzRcUSxBboHqtgRE2zlos1qWaOye5yUmHn42LB1250NJBLRwEcdrB0JRwyPTEPhfQjiQ=="
    },
    "vue-prism-editor": {
      "version": "1.3.0",
      "resolved": "https://registry.npmjs.org/vue-prism-editor/-/vue-prism-editor-1.3.0.tgz",
      "integrity": "sha512-54RfgtMGRMNr9484zKMOZs1wyLDR6EfFylzE2QrMCD9alCvXyYYcS0vX8oUHh+6pMUu6ts59uSN9cHglpU2NRQ=="
    },
    "vuetify": {
      "version": "2.6.6",
      "resolved": "https://registry.npmjs.org/vuetify/-/vuetify-2.6.6.tgz",
      "integrity": "sha512-H4KtxDFmDN8QiTRiGfBySyjMhVaHAJTKB0llGGKZT5jKxtnx9gvEtMWXKtVuRP0NJJP0H6xBPJHNOH7nT18qiQ=="
    }
  }
}
